// !$*UTF8*$!
{
	archiveVersion = 1;
	classes = {
	};
	objectVersion = 50;
	objects = {

/* Begin PBXBuildFile section */
		D39925892361206900797B93 /* AppDelegate.swift in Sources */ = {isa = PBXBuildFile; fileRef = D39925882361206900797B93 /* AppDelegate.swift */; };
		D399258B2361206900797B93 /* SceneDelegate.swift in Sources */ = {isa = PBXBuildFile; fileRef = D399258A2361206900797B93 /* SceneDelegate.swift */; };
		D399258D2361206900797B93 /* ContentView.swift in Sources */ = {isa = PBXBuildFile; fileRef = D399258C2361206900797B93 /* ContentView.swift */; };
		D399258F2361206A00797B93 /* Assets.xcassets in Resources */ = {isa = PBXBuildFile; fileRef = D399258E2361206A00797B93 /* Assets.xcassets */; };
		D39925922361206A00797B93 /* Preview Assets.xcassets in Resources */ = {isa = PBXBuildFile; fileRef = D39925912361206A00797B93 /* Preview Assets.xcassets */; };
		D39925952361206A00797B93 /* LaunchScreen.storyboard in Resources */ = {isa = PBXBuildFile; fileRef = D39925932361206A00797B93 /* LaunchScreen.storyboard */; };
		D39925A02361206A00797B93 /* MedicalStudyTests.swift in Sources */ = {isa = PBXBuildFile; fileRef = D399259F2361206A00797B93 /* MedicalStudyTests.swift */; };
		D39925AB2361206A00797B93 /* MedicalStudyUITests.swift in Sources */ = {isa = PBXBuildFile; fileRef = D39925AA2361206A00797B93 /* MedicalStudyUITests.swift */; };
/* End PBXBuildFile section */

/* Begin PBXContainerItemProxy section */
		D399259C2361206A00797B93 /* PBXContainerItemProxy */ = {
			isa = PBXContainerItemProxy;
			containerPortal = D399257D2361206900797B93 /* Project object */;
			proxyType = 1;
			remoteGlobalIDString = D39925842361206900797B93;
			remoteInfo = MedicalStudy;
		};
		D39925A72361206A00797B93 /* PBXContainerItemProxy */ = {
			isa = PBXContainerItemProxy;
			containerPortal = D399257D2361206900797B93 /* Project object */;
			proxyType = 1;
			remoteGlobalIDString = D39925842361206900797B93;
			remoteInfo = MedicalStudy;
		};
/* End PBXContainerItemProxy section */

/* Begin PBXFileReference section */
		D39925852361206900797B93 /* MedicalStudy.app */ = {isa = PBXFileReference; explicitFileType = wrapper.application; includeInIndex = 0; path = MedicalStudy.app; sourceTree = BUILT_PRODUCTS_DIR; };
		D39925882361206900797B93 /* AppDelegate.swift */ = {isa = PBXFileReference; lastKnownFileType = sourcecode.swift; path = AppDelegate.swift; sourceTree = "<group>"; };
		D399258A2361206900797B93 /* SceneDelegate.swift */ = {isa = PBXFileReference; lastKnownFileType = sourcecode.swift; path = SceneDelegate.swift; sourceTree = "<group>"; };
		D399258C2361206900797B93 /* ContentView.swift */ = {isa = PBXFileReference; lastKnownFileType = sourcecode.swift; path = ContentView.swift; sourceTree = "<group>"; };
		D399258E2361206A00797B93 /* Assets.xcassets */ = {isa = PBXFileReference; lastKnownFileType = folder.assetcatalog; path = Assets.xcassets; sourceTree = "<group>"; };
		D39925912361206A00797B93 /* Preview Assets.xcassets */ = {isa = PBXFileReference; lastKnownFileType = folder.assetcatalog; path = "Preview Assets.xcassets"; sourceTree = "<group>"; };
		D39925942361206A00797B93 /* Base */ = {isa = PBXFileReference; lastKnownFileType = file.storyboard; name = Base; path = Base.lproj/LaunchScreen.storyboard; sourceTree = "<group>"; };
		D39925962361206A00797B93 /* Info.plist */ = {isa = PBXFileReference; lastKnownFileType = text.plist.xml; path = Info.plist; sourceTree = "<group>"; };
		D399259B2361206A00797B93 /* MedicalStudyTests.xctest */ = {isa = PBXFileReference; explicitFileType = wrapper.cfbundle; includeInIndex = 0; path = MedicalStudyTests.xctest; sourceTree = BUILT_PRODUCTS_DIR; };
		D399259F2361206A00797B93 /* MedicalStudyTests.swift */ = {isa = PBXFileReference; lastKnownFileType = sourcecode.swift; path = MedicalStudyTests.swift; sourceTree = "<group>"; };
		D39925A12361206A00797B93 /* Info.plist */ = {isa = PBXFileReference; lastKnownFileType = text.plist.xml; path = Info.plist; sourceTree = "<group>"; };
		D39925A62361206A00797B93 /* MedicalStudyUITests.xctest */ = {isa = PBXFileReference; explicitFileType = wrapper.cfbundle; includeInIndex = 0; path = MedicalStudyUITests.xctest; sourceTree = BUILT_PRODUCTS_DIR; };
		D39925AA2361206A00797B93 /* MedicalStudyUITests.swift */ = {isa = PBXFileReference; lastKnownFileType = sourcecode.swift; path = MedicalStudyUITests.swift; sourceTree = "<group>"; };
		D39925AC2361206A00797B93 /* Info.plist */ = {isa = PBXFileReference; lastKnownFileType = text.plist.xml; path = Info.plist; sourceTree = "<group>"; };
/* End PBXFileReference section */

/* Begin PBXFrameworksBuildPhase section */
		D39925822361206900797B93 /* Frameworks */ = {
			isa = PBXFrameworksBuildPhase;
			buildActionMask = 2147483647;
			files = (
			);
			runOnlyForDeploymentPostprocessing = 0;
		};
		D39925982361206A00797B93 /* Frameworks */ = {
			isa = PBXFrameworksBuildPhase;
			buildActionMask = 2147483647;
			files = (
			);
			runOnlyForDeploymentPostprocessing = 0;
		};
		D39925A32361206A00797B93 /* Frameworks */ = {
			isa = PBXFrameworksBuildPhase;
			buildActionMask = 2147483647;
			files = (
			);
			runOnlyForDeploymentPostprocessing = 0;
		};
/* End PBXFrameworksBuildPhase section */

/* Begin PBXGroup section */
		D399257C2361206900797B93 = {
			isa = PBXGroup;
			children = (
				D39925872361206900797B93 /* MedicalStudy */,
				D399259E2361206A00797B93 /* MedicalStudyTests */,
				D39925A92361206A00797B93 /* MedicalStudyUITests */,
				D39925862361206900797B93 /* Products */,
			);
			sourceTree = "<group>";
		};
		D39925862361206900797B93 /* Products */ = {
			isa = PBXGroup;
			children = (
				D39925852361206900797B93 /* MedicalStudy.app */,
				D399259B2361206A00797B93 /* MedicalStudyTests.xctest */,
				D39925A62361206A00797B93 /* MedicalStudyUITests.xctest */,
			);
			name = Products;
			sourceTree = "<group>";
		};
		D39925872361206900797B93 /* MedicalStudy */ = {
			isa = PBXGroup;
			children = (
				D39925882361206900797B93 /* AppDelegate.swift */,
				D399258A2361206900797B93 /* SceneDelegate.swift */,
				D399258C2361206900797B93 /* ContentView.swift */,
				D399258E2361206A00797B93 /* Assets.xcassets */,
				D39925932361206A00797B93 /* LaunchScreen.storyboard */,
				D39925962361206A00797B93 /* Info.plist */,
				D39925902361206A00797B93 /* Preview Content */,
			);
			path = MedicalStudy;
			sourceTree = "<group>";
		};
		D39925902361206A00797B93 /* Preview Content */ = {
			isa = PBXGroup;
			children = (
				D39925912361206A00797B93 /* Preview Assets.xcassets */,
			);
			path = "Preview Content";
			sourceTree = "<group>";
		};
		D399259E2361206A00797B93 /* MedicalStudyTests */ = {
			isa = PBXGroup;
			children = (
				D399259F2361206A00797B93 /* MedicalStudyTests.swift */,
				D39925A12361206A00797B93 /* Info.plist */,
			);
			path = MedicalStudyTests;
			sourceTree = "<group>";
		};
		D39925A92361206A00797B93 /* MedicalStudyUITests */ = {
			isa = PBXGroup;
			children = (
				D39925AA2361206A00797B93 /* MedicalStudyUITests.swift */,
				D39925AC2361206A00797B93 /* Info.plist */,
			);
			path = MedicalStudyUITests;
			sourceTree = "<group>";
		};
/* End PBXGroup section */

/* Begin PBXNativeTarget section */
		D39925842361206900797B93 /* MedicalStudy */ = {
			isa = PBXNativeTarget;
			buildConfigurationList = D39925AF2361206A00797B93 /* Build configuration list for PBXNativeTarget "MedicalStudy" */;
			buildPhases = (
				D39925812361206900797B93 /* Sources */,
				D39925822361206900797B93 /* Frameworks */,
				D39925832361206900797B93 /* Resources */,
			);
			buildRules = (
			);
			dependencies = (
			);
			name = MedicalStudy;
			productName = MedicalStudy;
			productReference = D39925852361206900797B93 /* MedicalStudy.app */;
			productType = "com.apple.product-type.application";
		};
		D399259A2361206A00797B93 /* MedicalStudyTests */ = {
			isa = PBXNativeTarget;
			buildConfigurationList = D39925B22361206A00797B93 /* Build configuration list for PBXNativeTarget "MedicalStudyTests" */;
			buildPhases = (
				D39925972361206A00797B93 /* Sources */,
				D39925982361206A00797B93 /* Frameworks */,
				D39925992361206A00797B93 /* Resources */,
			);
			buildRules = (
			);
			dependencies = (
				D399259D2361206A00797B93 /* PBXTargetDependency */,
			);
			name = MedicalStudyTests;
			productName = MedicalStudyTests;
			productReference = D399259B2361206A00797B93 /* MedicalStudyTests.xctest */;
			productType = "com.apple.product-type.bundle.unit-test";
		};
		D39925A52361206A00797B93 /* MedicalStudyUITests */ = {
			isa = PBXNativeTarget;
			buildConfigurationList = D39925B52361206A00797B93 /* Build configuration list for PBXNativeTarget "MedicalStudyUITests" */;
			buildPhases = (
				D39925A22361206A00797B93 /* Sources */,
				D39925A32361206A00797B93 /* Frameworks */,
				D39925A42361206A00797B93 /* Resources */,
			);
			buildRules = (
			);
			dependencies = (
				D39925A82361206A00797B93 /* PBXTargetDependency */,
			);
			name = MedicalStudyUITests;
			productName = MedicalStudyUITests;
			productReference = D39925A62361206A00797B93 /* MedicalStudyUITests.xctest */;
			productType = "com.apple.product-type.bundle.ui-testing";
		};
/* End PBXNativeTarget section */

/* Begin PBXProject section */
		D399257D2361206900797B93 /* Project object */ = {
			isa = PBXProject;
			attributes = {
				LastSwiftUpdateCheck = 1110;
				LastUpgradeCheck = 1110;
				ORGANIZATIONNAME = "川内翔一朗";
				TargetAttributes = {
					D39925842361206900797B93 = {
						CreatedOnToolsVersion = 11.1;
					};
					D399259A2361206A00797B93 = {
						CreatedOnToolsVersion = 11.1;
						TestTargetID = D39925842361206900797B93;
					};
					D39925A52361206A00797B93 = {
						CreatedOnToolsVersion = 11.1;
						TestTargetID = D39925842361206900797B93;
					};
				};
			};
			buildConfigurationList = D39925802361206900797B93 /* Build configuration list for PBXProject "MedicalStudy" */;
			compatibilityVersion = "Xcode 9.3";
			developmentRegion = en;
			hasScannedForEncodings = 0;
			knownRegions = (
				en,
				Base,
			);
			mainGroup = D399257C2361206900797B93;
			productRefGroup = D39925862361206900797B93 /* Products */;
			projectDirPath = "";
			projectRoot = "";
			targets = (
				D39925842361206900797B93 /* MedicalStudy */,
				D399259A2361206A00797B93 /* MedicalStudyTests */,
				D39925A52361206A00797B93 /* MedicalStudyUITests */,
			);
		};
/* End PBXProject section */

/* Begin PBXResourcesBuildPhase section */
		D39925832361206900797B93 /* Resources */ = {
			isa = PBXResourcesBuildPhase;
			buildActionMask = 2147483647;
			files = (
				D39925952361206A00797B93 /* LaunchScreen.storyboard in Resources */,
				D39925922361206A00797B93 /* Preview Assets.xcassets in Resources */,
				D399258F2361206A00797B93 /* Assets.xcassets in Resources */,
			);
			runOnlyForDeploymentPostprocessing = 0;
		};
		D39925992361206A00797B93 /* Resources */ = {
			isa = PBXResourcesBuildPhase;
			buildActionMask = 2147483647;
			files = (
			);
			runOnlyForDeploymentPostprocessing = 0;
		};
		D39925A42361206A00797B93 /* Resources */ = {
			isa = PBXResourcesBuildPhase;
			buildActionMask = 2147483647;
			files = (
			);
			runOnlyForDeploymentPostprocessing = 0;
		};
/* End PBXResourcesBuildPhase section */

/* Begin PBXSourcesBuildPhase section */
		D39925812361206900797B93 /* Sources */ = {
			isa = PBXSourcesBuildPhase;
			buildActionMask = 2147483647;
			files = (
				D39925892361206900797B93 /* AppDelegate.swift in Sources */,
				D399258B2361206900797B93 /* SceneDelegate.swift in Sources */,
				D399258D2361206900797B93 /* ContentView.swift in Sources */,
			);
			runOnlyForDeploymentPostprocessing = 0;
		};
		D39925972361206A00797B93 /* Sources */ = {
			isa = PBXSourcesBuildPhase;
			buildActionMask = 2147483647;
			files = (
				D39925A02361206A00797B93 /* MedicalStudyTests.swift in Sources */,
			);
			runOnlyForDeploymentPostprocessing = 0;
		};
		D39925A22361206A00797B93 /* Sources */ = {
			isa = PBXSourcesBuildPhase;
			buildActionMask = 2147483647;
			files = (
				D39925AB2361206A00797B93 /* MedicalStudyUITests.swift in Sources */,
			);
			runOnlyForDeploymentPostprocessing = 0;
		};
/* End PBXSourcesBuildPhase section */

/* Begin PBXTargetDependency section */
		D399259D2361206A00797B93 /* PBXTargetDependency */ = {
			isa = PBXTargetDependency;
			target = D39925842361206900797B93 /* MedicalStudy */;
			targetProxy = D399259C2361206A00797B93 /* PBXContainerItemProxy */;
		};
		D39925A82361206A00797B93 /* PBXTargetDependency */ = {
			isa = PBXTargetDependency;
			target = D39925842361206900797B93 /* MedicalStudy */;
			targetProxy = D39925A72361206A00797B93 /* PBXContainerItemProxy */;
		};
/* End PBXTargetDependency section */

/* Begin PBXVariantGroup section */
		D39925932361206A00797B93 /* LaunchScreen.storyboard */ = {
			isa = PBXVariantGroup;
			children = (
				D39925942361206A00797B93 /* Base */,
			);
			name = LaunchScreen.storyboard;
			sourceTree = "<group>";
		};
/* End PBXVariantGroup section */

/* Begin XCBuildConfiguration section */
		D39925AD2361206A00797B93 /* Debug */ = {
			isa = XCBuildConfiguration;
			buildSettings = {
				ALWAYS_SEARCH_USER_PATHS = NO;
				CLANG_ANALYZER_NONNULL = YES;
				CLANG_ANALYZER_NUMBER_OBJECT_CONVERSION = YES_AGGRESSIVE;
				CLANG_CXX_LANGUAGE_STANDARD = "gnu++14";
				CLANG_CXX_LIBRARY = "libc++";
				CLANG_ENABLE_MODULES = YES;
				CLANG_ENABLE_OBJC_ARC = YES;
				CLANG_ENABLE_OBJC_WEAK = YES;
				CLANG_WARN_BLOCK_CAPTURE_AUTORELEASING = YES;
				CLANG_WARN_BOOL_CONVERSION = YES;
				CLANG_WARN_COMMA = YES;
				CLANG_WARN_CONSTANT_CONVERSION = YES;
				CLANG_WARN_DEPRECATED_OBJC_IMPLEMENTATIONS = YES;
				CLANG_WARN_DIRECT_OBJC_ISA_USAGE = YES_ERROR;
				CLANG_WARN_DOCUMENTATION_COMMENTS = YES;
				CLANG_WARN_EMPTY_BODY = YES;
				CLANG_WARN_ENUM_CONVERSION = YES;
				CLANG_WARN_INFINITE_RECURSION = YES;
				CLANG_WARN_INT_CONVERSION = YES;
				CLANG_WARN_NON_LITERAL_NULL_CONVERSION = YES;
				CLANG_WARN_OBJC_IMPLICIT_RETAIN_SELF = YES;
				CLANG_WARN_OBJC_LITERAL_CONVERSION = YES;
				CLANG_WARN_OBJC_ROOT_CLASS = YES_ERROR;
				CLANG_WARN_RANGE_LOOP_ANALYSIS = YES;
				CLANG_WARN_STRICT_PROTOTYPES = YES;
				CLANG_WARN_SUSPICIOUS_MOVE = YES;
				CLANG_WARN_UNGUARDED_AVAILABILITY = YES_AGGRESSIVE;
				CLANG_WARN_UNREACHABLE_CODE = YES;
				CLANG_WARN__DUPLICATE_METHOD_MATCH = YES;
				COPY_PHASE_STRIP = NO;
				DEBUG_INFORMATION_FORMAT = dwarf;
				ENABLE_STRICT_OBJC_MSGSEND = YES;
				ENABLE_TESTABILITY = YES;
				GCC_C_LANGUAGE_STANDARD = gnu11;
				GCC_DYNAMIC_NO_PIC = NO;
				GCC_NO_COMMON_BLOCKS = YES;
				GCC_OPTIMIZATION_LEVEL = 0;
				GCC_PREPROCESSOR_DEFINITIONS = (
					"DEBUG=1",
					"$(inherited)",
				);
				GCC_WARN_64_TO_32_BIT_CONVERSION = YES;
				GCC_WARN_ABOUT_RETURN_TYPE = YES_ERROR;
				GCC_WARN_UNDECLARED_SELECTOR = YES;
				GCC_WARN_UNINITIALIZED_AUTOS = YES_AGGRESSIVE;
				GCC_WARN_UNUSED_FUNCTION = YES;
				GCC_WARN_UNUSED_VARIABLE = YES;
				IPHONEOS_DEPLOYMENT_TARGET = 13.1;
				MTL_ENABLE_DEBUG_INFO = INCLUDE_SOURCE;
				MTL_FAST_MATH = YES;
				ONLY_ACTIVE_ARCH = YES;
				SDKROOT = iphoneos;
				SWIFT_ACTIVE_COMPILATION_CONDITIONS = DEBUG;
				SWIFT_OPTIMIZATION_LEVEL = "-Onone";
			};
			name = Debug;
		};
		D39925AE2361206A00797B93 /* Release */ = {
			isa = XCBuildConfiguration;
			buildSettings = {
				ALWAYS_SEARCH_USER_PATHS = NO;
				CLANG_ANALYZER_NONNULL = YES;
				CLANG_ANALYZER_NUMBER_OBJECT_CONVERSION = YES_AGGRESSIVE;
				CLANG_CXX_LANGUAGE_STANDARD = "gnu++14";
				CLANG_CXX_LIBRARY = "libc++";
				CLANG_ENABLE_MODULES = YES;
				CLANG_ENABLE_OBJC_ARC = YES;
				CLANG_ENABLE_OBJC_WEAK = YES;
				CLANG_WARN_BLOCK_CAPTURE_AUTORELEASING = YES;
				CLANG_WARN_BOOL_CONVERSION = YES;
				CLANG_WARN_COMMA = YES;
				CLANG_WARN_CONSTANT_CONVERSION = YES;
				CLANG_WARN_DEPRECATED_OBJC_IMPLEMENTATIONS = YES;
				CLANG_WARN_DIRECT_OBJC_ISA_USAGE = YES_ERROR;
				CLANG_WARN_DOCUMENTATION_COMMENTS = YES;
				CLANG_WARN_EMPTY_BODY = YES;
				CLANG_WARN_ENUM_CONVERSION = YES;
				CLANG_WARN_INFINITE_RECURSION = YES;
				CLANG_WARN_INT_CONVERSION = YES;
				CLANG_WARN_NON_LITERAL_NULL_CONVERSION = YES;
				CLANG_WARN_OBJC_IMPLICIT_RETAIN_SELF = YES;
				CLANG_WARN_OBJC_LITERAL_CONVERSION = YES;
				CLANG_WARN_OBJC_ROOT_CLASS = YES_ERROR;
				CLANG_WARN_RANGE_LOOP_ANALYSIS = YES;
				CLANG_WARN_STRICT_PROTOTYPES = YES;
				CLANG_WARN_SUSPICIOUS_MOVE = YES;
				CLANG_WARN_UNGUARDED_AVAILABILITY = YES_AGGRESSIVE;
				CLANG_WARN_UNREACHABLE_CODE = YES;
				CLANG_WARN__DUPLICATE_METHOD_MATCH = YES;
				COPY_PHASE_STRIP = NO;
				DEBUG_INFORMATION_FORMAT = "dwarf-with-dsym";
				ENABLE_NS_ASSERTIONS = NO;
				ENABLE_STRICT_OBJC_MSGSEND = YES;
				GCC_C_LANGUAGE_STANDARD = gnu11;
				GCC_NO_COMMON_BLOCKS = YES;
				GCC_WARN_64_TO_32_BIT_CONVERSION = YES;
				GCC_WARN_ABOUT_RETURN_TYPE = YES_ERROR;
				GCC_WARN_UNDECLARED_SELECTOR = YES;
				GCC_WARN_UNINITIALIZED_AUTOS = YES_AGGRESSIVE;
				GCC_WARN_UNUSED_FUNCTION = YES;
				GCC_WARN_UNUSED_VARIABLE = YES;
				IPHONEOS_DEPLOYMENT_TARGET = 13.1;
				MTL_ENABLE_DEBUG_INFO = NO;
				MTL_FAST_MATH = YES;
				SDKROOT = iphoneos;
				SWIFT_COMPILATION_MODE = wholemodule;
				SWIFT_OPTIMIZATION_LEVEL = "-O";
				VALIDATE_PRODUCT = YES;
			};
			name = Release;
		};
		D39925B02361206A00797B93 /* Debug */ = {
			isa = XCBuildConfiguration;
			buildSettings = {
				ASSETCATALOG_COMPILER_APPICON_NAME = AppIcon;
				CODE_SIGN_STYLE = Automatic;
				DEVELOPMENT_ASSET_PATHS = "\"MedicalStudy/Preview Content\"";
				DEVELOPMENT_TEAM = 652A8TH8HY;
				ENABLE_PREVIEWS = YES;
				INFOPLIST_FILE = MedicalStudy/Info.plist;
				LD_RUNPATH_SEARCH_PATHS = (
					"$(inherited)",
					"@executable_path/Frameworks",
				);
				PRODUCT_BUNDLE_IDENTIFIER = jpapp.MedicalStudy;
				PRODUCT_NAME = "$(TARGET_NAME)";
				SWIFT_VERSION = 5.0;
				TARGETED_DEVICE_FAMILY = "1,2";
			};
			name = Debug;
		};
		D39925B12361206A00797B93 /* Release */ = {
			isa = XCBuildConfiguration;
			buildSettings = {
				ASSETCATALOG_COMPILER_APPICON_NAME = AppIcon;
				CODE_SIGN_STYLE = Automatic;
				DEVELOPMENT_ASSET_PATHS = "\"MedicalStudy/Preview Content\"";
				DEVELOPMENT_TEAM = 652A8TH8HY;
				ENABLE_PREVIEWS = YES;
				INFOPLIST_FILE = MedicalStudy/Info.plist;
				LD_RUNPATH_SEARCH_PATHS = (
					"$(inherited)",
					"@executable_path/Frameworks",
				);
				PRODUCT_BUNDLE_IDENTIFIER = jpapp.MedicalStudy;
				PRODUCT_NAME = "$(TARGET_NAME)";
				SWIFT_VERSION = 5.0;
				TARGETED_DEVICE_FAMILY = "1,2";
			};
			name = Release;
		};
		D39925B32361206A00797B93 /* Debug */ = {
			isa = XCBuildConfiguration;
			buildSettings = {
				ALWAYS_EMBED_SWIFT_STANDARD_LIBRARIES = YES;
				BUNDLE_LOADER = "$(TEST_HOST)";
				CODE_SIGN_STYLE = Automatic;
				DEVELOPMENT_TEAM = 652A8TH8HY;
				INFOPLIST_FILE = MedicalStudyTests/Info.plist;
				IPHONEOS_DEPLOYMENT_TARGET = 13.1;
				LD_RUNPATH_SEARCH_PATHS = (
					"$(inherited)",
					"@executable_path/Frameworks",
					"@loader_path/Frameworks",
				);
				PRODUCT_BUNDLE_IDENTIFIER = jpapp.MedicalStudyTests;
				PRODUCT_NAME = "$(TARGET_NAME)";
				SWIFT_VERSION = 5.0;
				TARGETED_DEVICE_FAMILY = "1,2";
				TEST_HOST = "$(BUILT_PRODUCTS_DIR)/MedicalStudy.app/MedicalStudy";
			};
			name = Debug;
		};
		D39925B42361206A00797B93 /* Release */ = {
			isa = XCBuildConfiguration;
			buildSettings = {
				ALWAYS_EMBED_SWIFT_STANDARD_LIBRARIES = YES;
				BUNDLE_LOADER = "$(TEST_HOST)";
				CODE_SIGN_STYLE = Automatic;
				DEVELOPMENT_TEAM = 652A8TH8HY;
				INFOPLIST_FILE = MedicalStudyTests/Info.plist;
				IPHONEOS_DEPLOYMENT_TARGET = 13.1;
				LD_RUNPATH_SEARCH_PATHS = (
					"$(inherited)",
					"@executable_path/Frameworks",
					"@loader_path/Frameworks",
				);
				PRODUCT_BUNDLE_IDENTIFIER = jpapp.MedicalStudyTests;
				PRODUCT_NAME = "$(TARGET_NAME)";
				SWIFT_VERSION = 5.0;
				TARGETED_DEVICE_FAMILY = "1,2";
				TEST_HOST = "$(BUILT_PRODUCTS_DIR)/MedicalStudy.app/MedicalStudy";
			};
			name = Release;
		};
		D39925B62361206A00797B93 /* Debug */ = {
			isa = XCBuildConfiguration;
			buildSettings = {
				ALWAYS_EMBED_SWIFT_STANDARD_LIBRARIES = YES;
				CODE_SIGN_STYLE = Automatic;
				DEVELOPMENT_TEAM = 652A8TH8HY;
				INFOPLIST_FILE = MedicalStudyUITests/Info.plist;
				LD_RUNPATH_SEARCH_PATHS = (
					"$(inherited)",
					"@executable_path/Frameworks",
					"@loader_path/Frameworks",
				);
				PRODUCT_BUNDLE_IDENTIFIER = jpapp.MedicalStudyUITests;
				PRODUCT_NAME = "$(TARGET_NAME)";
				SWIFT_VERSION = 5.0;
				TARGETED_DEVICE_FAMILY = "1,2";
				TEST_TARGET_NAME = MedicalStudy;
			};
			name = Debug;
		};
		D39925B72361206A00797B93 /* Release */ = {
			isa = XCBuildConfiguration;
			buildSettings = {
				ALWAYS_EMBED_SWIFT_STANDARD_LIBRARIES = YES;
				CODE_SIGN_STYLE = Automatic;
				DEVELOPMENT_TEAM = 652A8TH8HY;
				INFOPLIST_FILE = MedicalStudyUITests/Info.plist;
				LD_RUNPATH_SEARCH_PATHS = (
					"$(inherited)",
					"@executable_path/Frameworks",
					"@loader_path/Frameworks",
				);
				PRODUCT_BUNDLE_IDENTIFIER = jpapp.MedicalStudyUITests;
				PRODUCT_NAME = "$(TARGET_NAME)";
				SWIFT_VERSION = 5.0;
				TARGETED_DEVICE_FAMILY = "1,2";
				TEST_TARGET_NAME = MedicalStudy;
			};
			name = Release;
		};
/* End XCBuildConfiguration section */

/* Begin XCConfigurationList section */
		D39925802361206900797B93 /* Build configuration list for PBXProject "MedicalStudy" */ = {
			isa = XCConfigurationList;
			buildConfigurations = (
				D39925AD2361206A00797B93 /* Debug */,
				D39925AE2361206A00797B93 /* Release */,
			);
			defaultConfigurationIsVisible = 0;
			defaultConfigurationName = Release;
		};
		D39925AF2361206A00797B93 /* Build configuration list for PBXNativeTarget "MedicalStudy" */ = {
			isa = XCConfigurationList;
			buildConfigurations = (
				D39925B02361206A00797B93 /* Debug */,
				D39925B12361206A00797B93 /* Release */,
			);
			defaultConfigurationIsVisible = 0;
			defaultConfigurationName = Release;
		};
		D39925B22361206A00797B93 /* Build configuration list for PBXNativeTarget "MedicalStudyTests" */ = {
			isa = XCConfigurationList;
			buildConfigurations = (
				D39925B32361206A00797B93 /* Debug */,
				D39925B42361206A00797B93 /* Release */,
			);
			defaultConfigurationIsVisible = 0;
			defaultConfigurationName = Release;
		};
		D39925B52361206A00797B93 /* Build configuration list for PBXNativeTarget "MedicalStudyUITests" */ = {
			isa = XCConfigurationList;
			buildConfigurations = (
				D39925B62361206A00797B93 /* Debug */,
				D39925B72361206A00797B93 /* Release */,
			);
			defaultConfigurationIsVisible = 0;
			defaultConfigurationName = Release;
		};
/* End XCConfigurationList section */
	};
	rootObject = D399257D2361206900797B93 /* Project object */;
}
